// !$*UTF8*$!
{
	archiveVersion = 1;
	classes = {
	};
	objectVersion = 56;
	objects = {

/* Begin PBXBuildFile section */
		3B2BD0A32BBE6C390039F048 /* networkCallsApp.swift in Sources */ = {isa = PBXBuildFile; fileRef = 3B2BD0A22BBE6C390039F048 /* networkCallsApp.swift */; };
		3B2BD0A52BBE6C390039F048 /* ContentView.swift in Sources */ = {isa = PBXBuildFile; fileRef = 3B2BD0A42BBE6C390039F048 /* ContentView.swift */; };
		3B2BD0A72BBE6C3A0039F048 /* Assets.xcassets in Resources */ = {isa = PBXBuildFile; fileRef = 3B2BD0A62BBE6C3A0039F048 /* Assets.xcassets */; };
		3B2BD0AA2BBE6C3A0039F048 /* Preview Assets.xcassets in Resources */ = {isa = PBXBuildFile; fileRef = 3B2BD0A92BBE6C3A0039F048 /* Preview Assets.xcassets */; };
		3B2BD0B42BBE6C3A0039F048 /* networkCallsTests.swift in Sources */ = {isa = PBXBuildFile; fileRef = 3B2BD0B32BBE6C3A0039F048 /* networkCallsTests.swift */; };
		3B2BD0BE2BBE6C3A0039F048 /* networkCallsUITests.swift in Sources */ = {isa = PBXBuildFile; fileRef = 3B2BD0BD2BBE6C3A0039F048 /* networkCallsUITests.swift */; };
		3B2BD0C02BBE6C3A0039F048 /* networkCallsUITestsLaunchTests.swift in Sources */ = {isa = PBXBuildFile; fileRef = 3B2BD0BF2BBE6C3A0039F048 /* networkCallsUITestsLaunchTests.swift */; };
/* End PBXBuildFile section */

/* Begin PBXContainerItemProxy section */
		3B2BD0B02BBE6C3A0039F048 /* PBXContainerItemProxy */ = {
			isa = PBXContainerItemProxy;
			containerPortal = 3B2BD0972BBE6C390039F048 /* Project object */;
			proxyType = 1;
			remoteGlobalIDString = 3B2BD09E2BBE6C390039F048;
			remoteInfo = networkCalls;
		};
		3B2BD0BA2BBE6C3A0039F048 /* PBXContainerItemProxy */ = {
			isa = PBXContainerItemProxy;
			containerPortal = 3B2BD0972BBE6C390039F048 /* Project object */;
			proxyType = 1;
			remoteGlobalIDString = 3B2BD09E2BBE6C390039F048;
			remoteInfo = networkCalls;
		};
/* End PBXContainerItemProxy section */

/* Begin PBXFileReference section */
		3B2BD09F2BBE6C390039F048 /* networkCalls.app */ = {isa = PBXFileReference; explicitFileType = wrapper.application; includeInIndex = 0; path = networkCalls.app; sourceTree = BUILT_PRODUCTS_DIR; };
		3B2BD0A22BBE6C390039F048 /* networkCallsApp.swift */ = {isa = PBXFileReference; lastKnownFileType = sourcecode.swift; path = networkCallsApp.swift; sourceTree = "<group>"; };
		3B2BD0A42BBE6C390039F048 /* ContentView.swift */ = {isa = PBXFileReference; lastKnownFileType = sourcecode.swift; path = ContentView.swift; sourceTree = "<group>"; };
		3B2BD0A62BBE6C3A0039F048 /* Assets.xcassets */ = {isa = PBXFileReference; lastKnownFileType = folder.assetcatalog; path = Assets.xcassets; sourceTree = "<group>"; };
		3B2BD0A92BBE6C3A0039F048 /* Preview Assets.xcassets */ = {isa = PBXFileReference; lastKnownFileType = folder.assetcatalog; path = "Preview Assets.xcassets"; sourceTree = "<group>"; };
		3B2BD0AF2BBE6C3A0039F048 /* networkCallsTests.xctest */ = {isa = PBXFileReference; explicitFileType = wrapper.cfbundle; includeInIndex = 0; path = networkCallsTests.xctest; sourceTree = BUILT_PRODUCTS_DIR; };
		3B2BD0B32BBE6C3A0039F048 /* networkCallsTests.swift */ = {isa = PBXFileReference; lastKnownFileType = sourcecode.swift; path = networkCallsTests.swift; sourceTree = "<group>"; };
		3B2BD0B92BBE6C3A0039F048 /* networkCallsUITests.xctest */ = {isa = PBXFileReference; explicitFileType = wrapper.cfbundle; includeInIndex = 0; path = networkCallsUITests.xctest; sourceTree = BUILT_PRODUCTS_DIR; };
		3B2BD0BD2BBE6C3A0039F048 /* networkCallsUITests.swift */ = {isa = PBXFileReference; lastKnownFileType = sourcecode.swift; path = networkCallsUITests.swift; sourceTree = "<group>"; };
		3B2BD0BF2BBE6C3A0039F048 /* networkCallsUITestsLaunchTests.swift */ = {isa = PBXFileReference; lastKnownFileType = sourcecode.swift; path = networkCallsUITestsLaunchTests.swift; sourceTree = "<group>"; };
/* End PBXFileReference section */

/* Begin PBXFrameworksBuildPhase section */
		3B2BD09C2BBE6C390039F048 /* Frameworks */ = {
			isa = PBXFrameworksBuildPhase;
			buildActionMask = 2147483647;
			files = (
			);
			runOnlyForDeploymentPostprocessing = 0;
		};
		3B2BD0AC2BBE6C3A0039F048 /* Frameworks */ = {
			isa = PBXFrameworksBuildPhase;
			buildActionMask = 2147483647;
			files = (
			);
			runOnlyForDeploymentPostprocessing = 0;
		};
		3B2BD0B62BBE6C3A0039F048 /* Frameworks */ = {
			isa = PBXFrameworksBuildPhase;
			buildActionMask = 2147483647;
			files = (
			);
			runOnlyForDeploymentPostprocessing = 0;
		};
/* End PBXFrameworksBuildPhase section */

/* Begin PBXGroup section */
		3B2BD0962BBE6C390039F048 = {
			isa = PBXGroup;
			children = (
				3B2BD0A12BBE6C390039F048 /* networkCalls */,
				3B2BD0B22BBE6C3A0039F048 /* networkCallsTests */,
				3B2BD0BC2BBE6C3A0039F048 /* networkCallsUITests */,
				3B2BD0A02BBE6C390039F048 /* Products */,
			);
			sourceTree = "<group>";
		};
		3B2BD0A02BBE6C390039F048 /* Products */ = {
			isa = PBXGroup;
			children = (
				3B2BD09F2BBE6C390039F048 /* networkCalls.app */,
				3B2BD0AF2BBE6C3A0039F048 /* networkCallsTests.xctest */,
				3B2BD0B92BBE6C3A0039F048 /* networkCallsUITests.xctest */,
			);
			name = Products;
			sourceTree = "<group>";
		};
		3B2BD0A12BBE6C390039F048 /* networkCalls */ = {
			isa = PBXGroup;
			children = (
				3B2BD0A22BBE6C390039F048 /* networkCallsApp.swift */,
				3B2BD0A42BBE6C390039F048 /* ContentView.swift */,
				3B2BD0A62BBE6C3A0039F048 /* Assets.xcassets */,
				3B2BD0A82BBE6C3A0039F048 /* Preview Content */,
			);
			path = networkCalls;
			sourceTree = "<group>";
		};
		3B2BD0A82BBE6C3A0039F048 /* Preview Content */ = {
			isa = PBXGroup;
			children = (
				3B2BD0A92BBE6C3A0039F048 /* Preview Assets.xcassets */,
			);
			path = "Preview Content";
			sourceTree = "<group>";
		};
		3B2BD0B22BBE6C3A0039F048 /* networkCallsTests */ = {
			isa = PBXGroup;
			children = (
				3B2BD0B32BBE6C3A0039F048 /* networkCallsTests.swift */,
			);
			path = networkCallsTests;
			sourceTree = "<group>";
		};
		3B2BD0BC2BBE6C3A0039F048 /* networkCallsUITests */ = {
			isa = PBXGroup;
			children = (
				3B2BD0BD2BBE6C3A0039F048 /* networkCallsUITests.swift */,
				3B2BD0BF2BBE6C3A0039F048 /* networkCallsUITestsLaunchTests.swift */,
			);
			path = networkCallsUITests;
			sourceTree = "<group>";
		};
/* End PBXGroup section */

/* Begin PBXNativeTarget section */
		3B2BD09E2BBE6C390039F048 /* networkCalls */ = {
			isa = PBXNativeTarget;
			buildConfigurationList = 3B2BD0C32BBE6C3A0039F048 /* Build configuration list for PBXNativeTarget "networkCalls" */;
			buildPhases = (
				3B2BD09B2BBE6C390039F048 /* Sources */,
				3B2BD09C2BBE6C390039F048 /* Frameworks */,
				3B2BD09D2BBE6C390039F048 /* Resources */,
			);
			buildRules = (
			);
			dependencies = (
			);
			name = networkCalls;
			productName = networkCalls;
			productReference = 3B2BD09F2BBE6C390039F048 /* networkCalls.app */;
			productType = "com.apple.product-type.application";
		};
		3B2BD0AE2BBE6C3A0039F048 /* networkCallsTests */ = {
			isa = PBXNativeTarget;
			buildConfigurationList = 3B2BD0C62BBE6C3A0039F048 /* Build configuration list for PBXNativeTarget "networkCallsTests" */;
			buildPhases = (
				3B2BD0AB2BBE6C3A0039F048 /* Sources */,
				3B2BD0AC2BBE6C3A0039F048 /* Frameworks */,
				3B2BD0AD2BBE6C3A0039F048 /* Resources */,
			);
			buildRules = (
			);
			dependencies = (
				3B2BD0B12BBE6C3A0039F048 /* PBXTargetDependency */,
			);
			name = networkCallsTests;
			productName = networkCallsTests;
			productReference = 3B2BD0AF2BBE6C3A0039F048 /* networkCallsTests.xctest */;
			productType = "com.apple.product-type.bundle.unit-test";
		};
		3B2BD0B82BBE6C3A0039F048 /* networkCallsUITests */ = {
			isa = PBXNativeTarget;
			buildConfigurationList = 3B2BD0C92BBE6C3A0039F048 /* Build configuration list for PBXNativeTarget "networkCallsUITests" */;
			buildPhases = (
				3B2BD0B52BBE6C3A0039F048 /* Sources */,
				3B2BD0B62BBE6C3A0039F048 /* Frameworks */,
				3B2BD0B72BBE6C3A0039F048 /* Resources */,
			);
			buildRules = (
			);
			dependencies = (
				3B2BD0BB2BBE6C3A0039F048 /* PBXTargetDependency */,
			);
			name = networkCallsUITests;
			productName = networkCallsUITests;
			productReference = 3B2BD0B92BBE6C3A0039F048 /* networkCallsUITests.xctest */;
			productType = "com.apple.product-type.bundle.ui-testing";
		};
/* End PBXNativeTarget section */

/* Begin PBXProject section */
		3B2BD0972BBE6C390039F048 /* Project object */ = {
			isa = PBXProject;
			attributes = {
				BuildIndependentTargetsInParallel = 1;
				LastSwiftUpdateCheck = 1500;
				LastUpgradeCheck = 1500;
				TargetAttributes = {
					3B2BD09E2BBE6C390039F048 = {
						CreatedOnToolsVersion = 15.0.1;
					};
					3B2BD0AE2BBE6C3A0039F048 = {
						CreatedOnToolsVersion = 15.0.1;
						TestTargetID = 3B2BD09E2BBE6C390039F048;
					};
					3B2BD0B82BBE6C3A0039F048 = {
						CreatedOnToolsVersion = 15.0.1;
						TestTargetID = 3B2BD09E2BBE6C390039F048;
					};
				};
			};
			buildConfigurationList = 3B2BD09A2BBE6C390039F048 /* Build configuration list for PBXProject "networkCalls" */;
			compatibilityVersion = "Xcode 14.0";
			developmentRegion = en;
			hasScannedForEncodings = 0;
			knownRegions = (
				en,
				Base,
			);
			mainGroup = 3B2BD0962BBE6C390039F048;
			productRefGroup = 3B2BD0A02BBE6C390039F048 /* Products */;
			projectDirPath = "";
			projectRoot = "";
			targets = (
				3B2BD09E2BBE6C390039F048 /* networkCalls */,
				3B2BD0AE2BBE6C3A0039F048 /* networkCallsTests */,
				3B2BD0B82BBE6C3A0039F048 /* networkCallsUITests */,
			);
		};
/* End PBXProject section */

/* Begin PBXResourcesBuildPhase section */
		3B2BD09D2BBE6C390039F048 /* Resources */ = {
			isa = PBXResourcesBuildPhase;
			buildActionMask = 2147483647;
			files = (
				3B2BD0AA2BBE6C3A0039F048 /* Preview Assets.xcassets in Resources */,
				3B2BD0A72BBE6C3A0039F048 /* Assets.xcassets in Resources */,
			);
			runOnlyForDeploymentPostprocessing = 0;
		};
		3B2BD0AD2BBE6C3A0039F048 /* Resources */ = {
			isa = PBXResourcesBuildPhase;
			buildActionMask = 2147483647;
			files = (
			);
			runOnlyForDeploymentPostprocessing = 0;
		};
		3B2BD0B72BBE6C3A0039F048 /* Resources */ = {
			isa = PBXResourcesBuildPhase;
			buildActionMask = 2147483647;
			files = (
			);
			runOnlyForDeploymentPostprocessing = 0;
		};
/* End PBXResourcesBuildPhase section */

/* Begin PBXSourcesBuildPhase section */
		3B2BD09B2BBE6C390039F048 /* Sources */ = {
			isa = PBXSourcesBuildPhase;
			buildActionMask = 2147483647;
			files = (
				3B2BD0A52BBE6C390039F048 /* ContentView.swift in Sources */,
				3B2BD0A32BBE6C390039F048 /* networkCallsApp.swift in Sources */,
			);
			runOnlyForDeploymentPostprocessing = 0;
		};
		3B2BD0AB2BBE6C3A0039F048 /* Sources */ = {
			isa = PBXSourcesBuildPhase;
			buildActionMask = 2147483647;
			files = (
				3B2BD0B42BBE6C3A0039F048 /* networkCallsTests.swift in Sources */,
			);
			runOnlyForDeploymentPostprocessing = 0;
		};
		3B2BD0B52BBE6C3A0039F048 /* Sources */ = {
			isa = PBXSourcesBuildPhase;
			buildActionMask = 2147483647;
			files = (
				3B2BD0BE2BBE6C3A0039F048 /* networkCallsUITests.swift in Sources */,
				3B2BD0C02BBE6C3A0039F048 /* networkCallsUITestsLaunchTests.swift in Sources */,
			);
			runOnlyForDeploymentPostprocessing = 0;
		};
/* End PBXSourcesBuildPhase section */

/* Begin PBXTargetDependency section */
		3B2BD0B12BBE6C3A0039F048 /* PBXTargetDependency */ = {
			isa = PBXTargetDependency;
			target = 3B2BD09E2BBE6C390039F048 /* networkCalls */;
			targetProxy = 3B2BD0B02BBE6C3A0039F048 /* PBXContainerItemProxy */;
		};
		3B2BD0BB2BBE6C3A0039F048 /* PBXTargetDependency */ = {
			isa = PBXTargetDependency;
			target = 3B2BD09E2BBE6C390039F048 /* networkCalls */;
			targetProxy = 3B2BD0BA2BBE6C3A0039F048 /* PBXContainerItemProxy */;
		};
/* End PBXTargetDependency section */

/* Begin XCBuildConfiguration section */
		3B2BD0C12BBE6C3A0039F048 /* Debug */ = {
			isa = XCBuildConfiguration;
			buildSettings = {
				ALWAYS_SEARCH_USER_PATHS = NO;
				ASSETCATALOG_COMPILER_GENERATE_SWIFT_ASSET_SYMBOL_EXTENSIONS = YES;
				CLANG_ANALYZER_NONNULL = YES;
				CLANG_ANALYZER_NUMBER_OBJECT_CONVERSION = YES_AGGRESSIVE;
				CLANG_CXX_LANGUAGE_STANDARD = "gnu++20";
				CLANG_ENABLE_MODULES = YES;
				CLANG_ENABLE_OBJC_ARC = YES;
				CLANG_ENABLE_OBJC_WEAK = YES;
				CLANG_WARN_BLOCK_CAPTURE_AUTORELEASING = YES;
				CLANG_WARN_BOOL_CONVERSION = YES;
				CLANG_WARN_COMMA = YES;
				CLANG_WARN_CONSTANT_CONVERSION = YES;
				CLANG_WARN_DEPRECATED_OBJC_IMPLEMENTATIONS = YES;
				CLANG_WARN_DIRECT_OBJC_ISA_USAGE = YES_ERROR;
				CLANG_WARN_DOCUMENTATION_COMMENTS = YES;
				CLANG_WARN_EMPTY_BODY = YES;
				CLANG_WARN_ENUM_CONVERSION = YES;
				CLANG_WARN_INFINITE_RECURSION = YES;
				CLANG_WARN_INT_CONVERSION = YES;
				CLANG_WARN_NON_LITERAL_NULL_CONVERSION = YES;
				CLANG_WARN_OBJC_IMPLICIT_RETAIN_SELF = YES;
				CLANG_WARN_OBJC_LITERAL_CONVERSION = YES;
				CLANG_WARN_OBJC_ROOT_CLASS = YES_ERROR;
				CLANG_WARN_QUOTED_INCLUDE_IN_FRAMEWORK_HEADER = YES;
				CLANG_WARN_RANGE_LOOP_ANALYSIS = YES;
				CLANG_WARN_STRICT_PROTOTYPES = YES;
				CLANG_WARN_SUSPICIOUS_MOVE = YES;
				CLANG_WARN_UNGUARDED_AVAILABILITY = YES_AGGRESSIVE;
				CLANG_WARN_UNREACHABLE_CODE = YES;
				CLANG_WARN__DUPLICATE_METHOD_MATCH = YES;
				COPY_PHASE_STRIP = NO;
				DEBUG_INFORMATION_FORMAT = dwarf;
				ENABLE_STRICT_OBJC_MSGSEND = YES;
				ENABLE_TESTABILITY = YES;
				ENABLE_USER_SCRIPT_SANDBOXING = YES;
				GCC_C_LANGUAGE_STANDARD = gnu17;
				GCC_DYNAMIC_NO_PIC = NO;
				GCC_NO_COMMON_BLOCKS = YES;
				GCC_OPTIMIZATION_LEVEL = 0;
				GCC_PREPROCESSOR_DEFINITIONS = (
					"DEBUG=1",
					"$(inherited)",
				);
				GCC_WARN_64_TO_32_BIT_CONVERSION = YES;
				GCC_WARN_ABOUT_RETURN_TYPE = YES_ERROR;
				GCC_WARN_UNDECLARED_SELECTOR = YES;
				GCC_WARN_UNINITIALIZED_AUTOS = YES_AGGRESSIVE;
				GCC_WARN_UNUSED_FUNCTION = YES;
				GCC_WARN_UNUSED_VARIABLE = YES;
				IPHONEOS_DEPLOYMENT_TARGET = 17.0;
				LOCALIZATION_PREFERS_STRING_CATALOGS = YES;
				MTL_ENABLE_DEBUG_INFO = INCLUDE_SOURCE;
				MTL_FAST_MATH = YES;
				ONLY_ACTIVE_ARCH = YES;
				SDKROOT = iphoneos;
				SWIFT_ACTIVE_COMPILATION_CONDITIONS = "DEBUG $(inherited)";
				SWIFT_OPTIMIZATION_LEVEL = "-Onone";
			};
			name = Debug;
		};
		3B2BD0C22BBE6C3A0039F048 /* Release */ = {
			isa = XCBuildConfiguration;
			buildSettings = {
				ALWAYS_SEARCH_USER_PATHS = NO;
				ASSETCATALOG_COMPILER_GENERATE_SWIFT_ASSET_SYMBOL_EXTENSIONS = YES;
				CLANG_ANALYZER_NONNULL = YES;
				CLANG_ANALYZER_NUMBER_OBJECT_CONVERSION = YES_AGGRESSIVE;
				CLANG_CXX_LANGUAGE_STANDARD = "gnu++20";
				CLANG_ENABLE_MODULES = YES;
				CLANG_ENABLE_OBJC_ARC = YES;
				CLANG_ENABLE_OBJC_WEAK = YES;
				CLANG_WARN_BLOCK_CAPTURE_AUTORELEASING = YES;
				CLANG_WARN_BOOL_CONVERSION = YES;
				CLANG_WARN_COMMA = YES;
				CLANG_WARN_CONSTANT_CONVERSION = YES;
				CLANG_WARN_DEPRECATED_OBJC_IMPLEMENTATIONS = YES;
				CLANG_WARN_DIRECT_OBJC_ISA_USAGE = YES_ERROR;
				CLANG_WARN_DOCUMENTATION_COMMENTS = YES;
				CLANG_WARN_EMPTY_BODY = YES;
				CLANG_WARN_ENUM_CONVERSION = YES;
				CLANG_WARN_INFINITE_RECURSION = YES;
				CLANG_WARN_INT_CONVERSION = YES;
				CLANG_WARN_NON_LITERAL_NULL_CONVERSION = YES;
				CLANG_WARN_OBJC_IMPLICIT_RETAIN_SELF = YES;
				CLANG_WARN_OBJC_LITERAL_CONVERSION = YES;
				CLANG_WARN_OBJC_ROOT_CLASS = YES_ERROR;
				CLANG_WARN_QUOTED_INCLUDE_IN_FRAMEWORK_HEADER = YES;
				CLANG_WARN_RANGE_LOOP_ANALYSIS = YES;
				CLANG_WARN_STRICT_PROTOTYPES = YES;
				CLANG_WARN_SUSPICIOUS_MOVE = YES;
				CLANG_WARN_UNGUARDED_AVAILABILITY = YES_AGGRESSIVE;
				CLANG_WARN_UNREACHABLE_CODE = YES;
				CLANG_WARN__DUPLICATE_METHOD_MATCH = YES;
				COPY_PHASE_STRIP = NO;
				DEBUG_INFORMATION_FORMAT = "dwarf-with-dsym";
				ENABLE_NS_ASSERTIONS = NO;
				ENABLE_STRICT_OBJC_MSGSEND = YES;
				ENABLE_USER_SCRIPT_SANDBOXING = YES;
				GCC_C_LANGUAGE_STANDARD = gnu17;
				GCC_NO_COMMON_BLOCKS = YES;
				GCC_WARN_64_TO_32_BIT_CONVERSION = YES;
				GCC_WARN_ABOUT_RETURN_TYPE = YES_ERROR;
				GCC_WARN_UNDECLARED_SELECTOR = YES;
				GCC_WARN_UNINITIALIZED_AUTOS = YES_AGGRESSIVE;
				GCC_WARN_UNUSED_FUNCTION = YES;
				GCC_WARN_UNUSED_VARIABLE = YES;
				IPHONEOS_DEPLOYMENT_TARGET = 17.0;
				LOCALIZATION_PREFERS_STRING_CATALOGS = YES;
				MTL_ENABLE_DEBUG_INFO = NO;
				MTL_FAST_MATH = YES;
				SDKROOT = iphoneos;
				SWIFT_COMPILATION_MODE = wholemodule;
				VALIDATE_PRODUCT = YES;
			};
			name = Release;
		};
		3B2BD0C42BBE6C3A0039F048 /* Debug */ = {
			isa = XCBuildConfiguration;
			buildSettings = {
				ASSETCATALOG_COMPILER_APPICON_NAME = AppIcon;
				ASSETCATALOG_COMPILER_GLOBAL_ACCENT_COLOR_NAME = AccentColor;
				CODE_SIGN_STYLE = Automatic;
				CURRENT_PROJECT_VERSION = 1;
				DEVELOPMENT_ASSET_PATHS = "\"networkCalls/Preview Content\"";
				DEVELOPMENT_TEAM = U6FV5X29AZ;
				ENABLE_PREVIEWS = YES;
				GENERATE_INFOPLIST_FILE = YES;
				INFOPLIST_KEY_UIApplicationSceneManifest_Generation = YES;
				INFOPLIST_KEY_UIApplicationSupportsIndirectInputEvents = YES;
				INFOPLIST_KEY_UILaunchScreen_Generation = YES;
				INFOPLIST_KEY_UISupportedInterfaceOrientations_iPad = "UIInterfaceOrientationPortrait UIInterfaceOrientationPortraitUpsideDown UIInterfaceOrientationLandscapeLeft UIInterfaceOrientationLandscapeRight";
				INFOPLIST_KEY_UISupportedInterfaceOrientations_iPhone = "UIInterfaceOrientationPortrait UIInterfaceOrientationLandscapeLeft UIInterfaceOrientationLandscapeRight";
				LD_RUNPATH_SEARCH_PATHS = (
					"$(inherited)",
					"@executable_path/Frameworks",
				);
				MARKETING_VERSION = 1.0;
				PRODUCT_BUNDLE_IDENTIFIER = testsubs.com.2196.networkCalls;
				PRODUCT_NAME = "$(TARGET_NAME)";
				SWIFT_EMIT_LOC_STRINGS = YES;
				SWIFT_VERSION = 5.0;
				TARGETED_DEVICE_FAMILY = "1,2";
			};
			name = Debug;
		};
		3B2BD0C52BBE6C3A0039F048 /* Release */ = {
			isa = XCBuildConfiguration;
			buildSettings = {
				ASSETCATALOG_COMPILER_APPICON_NAME = AppIcon;
				ASSETCATALOG_COMPILER_GLOBAL_ACCENT_COLOR_NAME = AccentColor;
				CODE_SIGN_STYLE = Automatic;
				CURRENT_PROJECT_VERSION = 1;
				DEVELOPMENT_ASSET_PATHS = "\"networkCalls/Preview Content\"";
				DEVELOPMENT_TEAM = U6FV5X29AZ;
				ENABLE_PREVIEWS = YES;
				GENERATE_INFOPLIST_FILE = YES;
				INFOPLIST_KEY_UIApplicationSceneManifest_Generation = YES;
				INFOPLIST_KEY_UIApplicationSupportsIndirectInputEvents = YES;
				INFOPLIST_KEY_UILaunchScreen_Generation = YES;
				INFOPLIST_KEY_UISupportedInterfaceOrientations_iPad = "UIInterfaceOrientationPortrait UIInterfaceOrientationPortraitUpsideDown UIInterfaceOrientationLandscapeLeft UIInterfaceOrientationLandscapeRight";
				INFOPLIST_KEY_UISupportedInterfaceOrientations_iPhone = "UIInterfaceOrientationPortrait UIInterfaceOrientationLandscapeLeft UIInterfaceOrientationLandscapeRight";
				LD_RUNPATH_SEARCH_PATHS = (
					"$(inherited)",
					"@executable_path/Frameworks",
				);
				MARKETING_VERSION = 1.0;
				PRODUCT_BUNDLE_IDENTIFIER = testsubs.com.2196.networkCalls;
				PRODUCT_NAME = "$(TARGET_NAME)";
				SWIFT_EMIT_LOC_STRINGS = YES;
				SWIFT_VERSION = 5.0;
				TARGETED_DEVICE_FAMILY = "1,2";
			};
			name = Release;
		};
		3B2BD0C72BBE6C3A0039F048 /* Debug */ = {
			isa = XCBuildConfiguration;
			buildSettings = {
				ALWAYS_EMBED_SWIFT_STANDARD_LIBRARIES = YES;
				BUNDLE_LOADER = "$(TEST_HOST)";
				CODE_SIGN_STYLE = Automatic;
				CURRENT_PROJECT_VERSION = 1;
				DEVELOPMENT_TEAM = U6FV5X29AZ;
				GENERATE_INFOPLIST_FILE = YES;
				IPHONEOS_DEPLOYMENT_TARGET = 17.0;
				MARKETING_VERSION = 1.0;
				PRODUCT_BUNDLE_IDENTIFIER = testsubs.com.2196.networkCallsTests;
				PRODUCT_NAME = "$(TARGET_NAME)";
				SWIFT_EMIT_LOC_STRINGS = NO;
				SWIFT_VERSION = 5.0;
				TARGETED_DEVICE_FAMILY = "1,2";
				TEST_HOST = "$(BUILT_PRODUCTS_DIR)/networkCalls.app/$(BUNDLE_EXECUTABLE_FOLDER_PATH)/networkCalls";
			};
			name = Debug;
		};
		3B2BD0C82BBE6C3A0039F048 /* Release */ = {
			isa = XCBuildConfiguration;
			buildSettings = {
				ALWAYS_EMBED_SWIFT_STANDARD_LIBRARIES = YES;
				BUNDLE_LOADER = "$(TEST_HOST)";
				CODE_SIGN_STYLE = Automatic;
				CURRENT_PROJECT_VERSION = 1;
				DEVELOPMENT_TEAM = U6FV5X29AZ;
				GENERATE_INFOPLIST_FILE = YES;
				IPHONEOS_DEPLOYMENT_TARGET = 17.0;
				MARKETING_VERSION = 1.0;
				PRODUCT_BUNDLE_IDENTIFIER = testsubs.com.2196.networkCallsTests;
				PRODUCT_NAME = "$(TARGET_NAME)";
				SWIFT_EMIT_LOC_STRINGS = NO;
				SWIFT_VERSION = 5.0;
				TARGETED_DEVICE_FAMILY = "1,2";
				TEST_HOST = "$(BUILT_PRODUCTS_DIR)/networkCalls.app/$(BUNDLE_EXECUTABLE_FOLDER_PATH)/networkCalls";
			};
			name = Release;
		};
		3B2BD0CA2BBE6C3A0039F048 /* Debug */ = {
			isa = XCBuildConfiguration;
			buildSettings = {
				ALWAYS_EMBED_SWIFT_STANDARD_LIBRARIES = YES;
				CODE_SIGN_STYLE = Automatic;
				CURRENT_PROJECT_VERSION = 1;
				DEVELOPMENT_TEAM = U6FV5X29AZ;
				GENERATE_INFOPLIST_FILE = YES;
				MARKETING_VERSION = 1.0;
				PRODUCT_BUNDLE_IDENTIFIER = testsubs.com.2196.networkCallsUITests;
				PRODUCT_NAME = "$(TARGET_NAME)";
				SWIFT_EMIT_LOC_STRINGS = NO;
				SWIFT_VERSION = 5.0;
				TARGETED_DEVICE_FAMILY = "1,2";
				TEST_TARGET_NAME = networkCalls;
			};
			name = Debug;
		};
		3B2BD0CB2BBE6C3A0039F048 /* Release */ = {
			isa = XCBuildConfiguration;
			buildSettings = {
				ALWAYS_EMBED_SWIFT_STANDARD_LIBRARIES = YES;
				CODE_SIGN_STYLE = Automatic;
				CURRENT_PROJECT_VERSION = 1;
				DEVELOPMENT_TEAM = U6FV5X29AZ;
				GENERATE_INFOPLIST_FILE = YES;
				MARKETING_VERSION = 1.0;
				PRODUCT_BUNDLE_IDENTIFIER = testsubs.com.2196.networkCallsUITests;
				PRODUCT_NAME = "$(TARGET_NAME)";
				SWIFT_EMIT_LOC_STRINGS = NO;
				SWIFT_VERSION = 5.0;
				TARGETED_DEVICE_FAMILY = "1,2";
				TEST_TARGET_NAME = networkCalls;
			};
			name = Release;
		};
/* End XCBuildConfiguration section */

/* Begin XCConfigurationList section */
		3B2BD09A2BBE6C390039F048 /* Build configuration list for PBXProject "networkCalls" */ = {
			isa = XCConfigurationList;
			buildConfigurations = (
				3B2BD0C12BBE6C3A0039F048 /* Debug */,
				3B2BD0C22BBE6C3A0039F048 /* Release */,
			);
			defaultConfigurationIsVisible = 0;
			defaultConfigurationName = Release;
		};
		3B2BD0C32BBE6C3A0039F048 /* Build configuration list for PBXNativeTarget "networkCalls" */ = {
			isa = XCConfigurationList;
			buildConfigurations = (
				3B2BD0C42BBE6C3A0039F048 /* Debug */,
				3B2BD0C52BBE6C3A0039F048 /* Release */,
			);
			defaultConfigurationIsVisible = 0;
			defaultConfigurationName = Release;
		};
		3B2BD0C62BBE6C3A0039F048 /* Build configuration list for PBXNativeTarget "networkCallsTests" */ = {
			isa = XCConfigurationList;
			buildConfigurations = (
				3B2BD0C72BBE6C3A0039F048 /* Debug */,
				3B2BD0C82BBE6C3A0039F048 /* Release */,
			);
			defaultConfigurationIsVisible = 0;
			defaultConfigurationName = Release;
		};
		3B2BD0C92BBE6C3A0039F048 /* Build configuration list for PBXNativeTarget "networkCallsUITests" */ = {
			isa = XCConfigurationList;
			buildConfigurations = (
				3B2BD0CA2BBE6C3A0039F048 /* Debug */,
				3B2BD0CB2BBE6C3A0039F048 /* Release */,
			);
			defaultConfigurationIsVisible = 0;
			defaultConfigurationName = Release;
		};
/* End XCConfigurationList section */
	};
	rootObject = 3B2BD0972BBE6C390039F048 /* Project object */;
}
